// !$*UTF8*$!
{
	archiveVersion = 1;
	classes = {
	};
	objectVersion = 56;
	objects = {

/* Begin PBXBuildFile section */
		D858264C2C62A53F0030E001 /* PortalHackathonKitApp.swift in Sources */ = {isa = PBXBuildFile; fileRef = D858264B2C62A53F0030E001 /* PortalHackathonKitApp.swift */; };
		D858264E2C62A53F0030E001 /* PortalHackathonKit.swift in Sources */ = {isa = PBXBuildFile; fileRef = D858264D2C62A53F0030E001 /* PortalHackathonKit.swift */; };
		D85826502C62A5410030E001 /* Assets.xcassets in Resources */ = {isa = PBXBuildFile; fileRef = D858264F2C62A5410030E001 /* Assets.xcassets */; };
		D85826532C62A5410030E001 /* Preview Assets.xcassets in Resources */ = {isa = PBXBuildFile; fileRef = D85826522C62A5410030E001 /* Preview Assets.xcassets */; };
		D858265D2C62A5410030E001 /* PortalHackathonKitTests.swift in Sources */ = {isa = PBXBuildFile; fileRef = D858265C2C62A5410030E001 /* PortalHackathonKitTests.swift */; };
		D85826672C62A5410030E001 /* PortalHackathonKitUITests.swift in Sources */ = {isa = PBXBuildFile; fileRef = D85826662C62A5410030E001 /* PortalHackathonKitUITests.swift */; };
		D85826692C62A5410030E001 /* PortalHackathonKitUITestsLaunchTests.swift in Sources */ = {isa = PBXBuildFile; fileRef = D85826682C62A5410030E001 /* PortalHackathonKitUITestsLaunchTests.swift */; };
		D85826772C62AC4D0030E001 /* PortalSwift in Frameworks */ = {isa = PBXBuildFile; productRef = D85826762C62AC4D0030E001 /* PortalSwift */; };
		D8F0DCFA2C653E3D001B3201 /* PortalButton.swift in Sources */ = {isa = PBXBuildFile; fileRef = D8F0DCF92C653E3D001B3201 /* PortalButton.swift */; };
		D8F0DCFC2C65439B001B3201 /* PortalSolanaWalletView.swift in Sources */ = {isa = PBXBuildFile; fileRef = D8F0DCFB2C65439B001B3201 /* PortalSolanaWalletView.swift */; };
		D8F0DCFE2C6545EF001B3201 /* LeadingText.swift in Sources */ = {isa = PBXBuildFile; fileRef = D8F0DCFD2C6545EF001B3201 /* LeadingText.swift */; };
		D8F0DD002C655EA4001B3201 /* PortalSendPYUSDFormView.swift in Sources */ = {isa = PBXBuildFile; fileRef = D8F0DCFF2C655EA4001B3201 /* PortalSendPYUSDFormView.swift */; };
		D8F0DD022C6561D7001B3201 /* PortalWalletViewModel.swift in Sources */ = {isa = PBXBuildFile; fileRef = D8F0DD012C6561D7001B3201 /* PortalWalletViewModel.swift */; };
		D8F0DD042C657B7A001B3201 /* PortalTransactionHashView.swift in Sources */ = {isa = PBXBuildFile; fileRef = D8F0DD032C657B7A001B3201 /* PortalTransactionHashView.swift */; };
		D8F0DD082C659B3F001B3201 /* Constants.swift in Sources */ = {isa = PBXBuildFile; fileRef = D8F0DD072C659B3F001B3201 /* Constants.swift */; };
/* End PBXBuildFile section */

/* Begin PBXContainerItemProxy section */
		D85826592C62A5410030E001 /* PBXContainerItemProxy */ = {
			isa = PBXContainerItemProxy;
			containerPortal = D85826402C62A53F0030E001 /* Project object */;
			proxyType = 1;
			remoteGlobalIDString = D85826472C62A53F0030E001;
			remoteInfo = PortalHackathonKit;
		};
		D85826632C62A5410030E001 /* PBXContainerItemProxy */ = {
			isa = PBXContainerItemProxy;
			containerPortal = D85826402C62A53F0030E001 /* Project object */;
			proxyType = 1;
			remoteGlobalIDString = D85826472C62A53F0030E001;
			remoteInfo = PortalHackathonKit;
		};
/* End PBXContainerItemProxy section */

/* Begin PBXFileReference section */
		D85826482C62A53F0030E001 /* PortalHackathonKit.app */ = {isa = PBXFileReference; explicitFileType = wrapper.application; includeInIndex = 0; path = PortalHackathonKit.app; sourceTree = BUILT_PRODUCTS_DIR; };
		D858264B2C62A53F0030E001 /* PortalHackathonKitApp.swift */ = {isa = PBXFileReference; lastKnownFileType = sourcecode.swift; path = PortalHackathonKitApp.swift; sourceTree = "<group>"; };
		D858264D2C62A53F0030E001 /* PortalHackathonKit.swift */ = {isa = PBXFileReference; lastKnownFileType = sourcecode.swift; path = PortalHackathonKit.swift; sourceTree = "<group>"; };
		D858264F2C62A5410030E001 /* Assets.xcassets */ = {isa = PBXFileReference; lastKnownFileType = folder.assetcatalog; path = Assets.xcassets; sourceTree = "<group>"; };
		D85826522C62A5410030E001 /* Preview Assets.xcassets */ = {isa = PBXFileReference; lastKnownFileType = folder.assetcatalog; path = "Preview Assets.xcassets"; sourceTree = "<group>"; };
		D85826582C62A5410030E001 /* PortalHackathonKitTests.xctest */ = {isa = PBXFileReference; explicitFileType = wrapper.cfbundle; includeInIndex = 0; path = PortalHackathonKitTests.xctest; sourceTree = BUILT_PRODUCTS_DIR; };
		D858265C2C62A5410030E001 /* PortalHackathonKitTests.swift */ = {isa = PBXFileReference; lastKnownFileType = sourcecode.swift; path = PortalHackathonKitTests.swift; sourceTree = "<group>"; };
		D85826622C62A5410030E001 /* PortalHackathonKitUITests.xctest */ = {isa = PBXFileReference; explicitFileType = wrapper.cfbundle; includeInIndex = 0; path = PortalHackathonKitUITests.xctest; sourceTree = BUILT_PRODUCTS_DIR; };
		D85826662C62A5410030E001 /* PortalHackathonKitUITests.swift */ = {isa = PBXFileReference; lastKnownFileType = sourcecode.swift; path = PortalHackathonKitUITests.swift; sourceTree = "<group>"; };
		D85826682C62A5410030E001 /* PortalHackathonKitUITestsLaunchTests.swift */ = {isa = PBXFileReference; lastKnownFileType = sourcecode.swift; path = PortalHackathonKitUITestsLaunchTests.swift; sourceTree = "<group>"; };
		D8F0DCF92C653E3D001B3201 /* PortalButton.swift */ = {isa = PBXFileReference; lastKnownFileType = sourcecode.swift; path = PortalButton.swift; sourceTree = "<group>"; };
		D8F0DCFB2C65439B001B3201 /* PortalSolanaWalletView.swift */ = {isa = PBXFileReference; lastKnownFileType = sourcecode.swift; path = PortalSolanaWalletView.swift; sourceTree = "<group>"; };
		D8F0DCFD2C6545EF001B3201 /* LeadingText.swift */ = {isa = PBXFileReference; lastKnownFileType = sourcecode.swift; path = LeadingText.swift; sourceTree = "<group>"; };
		D8F0DCFF2C655EA4001B3201 /* PortalSendPYUSDFormView.swift */ = {isa = PBXFileReference; lastKnownFileType = sourcecode.swift; path = PortalSendPYUSDFormView.swift; sourceTree = "<group>"; };
		D8F0DD012C6561D7001B3201 /* PortalWalletViewModel.swift */ = {isa = PBXFileReference; lastKnownFileType = sourcecode.swift; path = PortalWalletViewModel.swift; sourceTree = "<group>"; };
		D8F0DD032C657B7A001B3201 /* PortalTransactionHashView.swift */ = {isa = PBXFileReference; lastKnownFileType = sourcecode.swift; path = PortalTransactionHashView.swift; sourceTree = "<group>"; };
		D8F0DD072C659B3F001B3201 /* Constants.swift */ = {isa = PBXFileReference; lastKnownFileType = sourcecode.swift; path = Constants.swift; sourceTree = "<group>"; };
/* End PBXFileReference section */

/* Begin PBXFrameworksBuildPhase section */
		D85826452C62A53F0030E001 /* Frameworks */ = {
			isa = PBXFrameworksBuildPhase;
			buildActionMask = 2147483647;
			files = (
				D85826772C62AC4D0030E001 /* PortalSwift in Frameworks */,
			);
			runOnlyForDeploymentPostprocessing = 0;
		};
		D85826552C62A5410030E001 /* Frameworks */ = {
			isa = PBXFrameworksBuildPhase;
			buildActionMask = 2147483647;
			files = (
			);
			runOnlyForDeploymentPostprocessing = 0;
		};
		D858265F2C62A5410030E001 /* Frameworks */ = {
			isa = PBXFrameworksBuildPhase;
			buildActionMask = 2147483647;
			files = (
			);
			runOnlyForDeploymentPostprocessing = 0;
		};
/* End PBXFrameworksBuildPhase section */

/* Begin PBXGroup section */
		D858263F2C62A53F0030E001 = {
			isa = PBXGroup;
			children = (
				D858264A2C62A53F0030E001 /* PortalHackathonKit */,
				D858265B2C62A5410030E001 /* PortalHackathonKitTests */,
				D85826652C62A5410030E001 /* PortalHackathonKitUITests */,
				D85826492C62A53F0030E001 /* Products */,
			);
			sourceTree = "<group>";
		};
		D85826492C62A53F0030E001 /* Products */ = {
			isa = PBXGroup;
			children = (
				D85826482C62A53F0030E001 /* PortalHackathonKit.app */,
				D85826582C62A5410030E001 /* PortalHackathonKitTests.xctest */,
				D85826622C62A5410030E001 /* PortalHackathonKitUITests.xctest */,
			);
			name = Products;
			sourceTree = "<group>";
		};
		D858264A2C62A53F0030E001 /* PortalHackathonKit */ = {
			isa = PBXGroup;
			children = (
				D8F0DD062C6580AC001B3201 /* App */,
				D8F0DD052C65808F001B3201 /* Portal Wallet */,
				D8F0DCF72C653E12001B3201 /* Helpers */,
				D858264F2C62A5410030E001 /* Assets.xcassets */,
				D85826512C62A5410030E001 /* Preview Content */,
			);
			path = PortalHackathonKit;
			sourceTree = "<group>";
		};
		D85826512C62A5410030E001 /* Preview Content */ = {
			isa = PBXGroup;
			children = (
				D85826522C62A5410030E001 /* Preview Assets.xcassets */,
			);
			path = "Preview Content";
			sourceTree = "<group>";
		};
		D858265B2C62A5410030E001 /* PortalHackathonKitTests */ = {
			isa = PBXGroup;
			children = (
				D858265C2C62A5410030E001 /* PortalHackathonKitTests.swift */,
			);
			path = PortalHackathonKitTests;
			sourceTree = "<group>";
		};
		D85826652C62A5410030E001 /* PortalHackathonKitUITests */ = {
			isa = PBXGroup;
			children = (
				D85826662C62A5410030E001 /* PortalHackathonKitUITests.swift */,
				D85826682C62A5410030E001 /* PortalHackathonKitUITestsLaunchTests.swift */,
			);
			path = PortalHackathonKitUITests;
			sourceTree = "<group>";
		};
		D8F0DCF72C653E12001B3201 /* Helpers */ = {
			isa = PBXGroup;
			children = (
				D8F0DCF82C653E2A001B3201 /* Views */,
			);
			path = Helpers;
			sourceTree = "<group>";
		};
		D8F0DCF82C653E2A001B3201 /* Views */ = {
			isa = PBXGroup;
			children = (
				D8F0DCF92C653E3D001B3201 /* PortalButton.swift */,
				D8F0DCFB2C65439B001B3201 /* PortalSolanaWalletView.swift */,
				D8F0DCFD2C6545EF001B3201 /* LeadingText.swift */,
				D8F0DCFF2C655EA4001B3201 /* PortalSendPYUSDFormView.swift */,
				D8F0DD032C657B7A001B3201 /* PortalTransactionHashView.swift */,
			);
			path = Views;
			sourceTree = "<group>";
		};
		D8F0DD052C65808F001B3201 /* Portal Wallet */ = {
			isa = PBXGroup;
			children = (
				D8F0DD072C659B3F001B3201 /* Constants.swift */,
				D858264D2C62A53F0030E001 /* PortalHackathonKit.swift */,
				D8F0DD012C6561D7001B3201 /* PortalWalletViewModel.swift */,
			);
			path = "Portal Wallet";
			sourceTree = "<group>";
		};
		D8F0DD062C6580AC001B3201 /* App */ = {
			isa = PBXGroup;
			children = (
				D858264B2C62A53F0030E001 /* PortalHackathonKitApp.swift */,
			);
			path = App;
			sourceTree = "<group>";
		};
/* End PBXGroup section */

/* Begin PBXNativeTarget section */
		D85826472C62A53F0030E001 /* PortalHackathonKit */ = {
			isa = PBXNativeTarget;
			buildConfigurationList = D858266C2C62A5410030E001 /* Build configuration list for PBXNativeTarget "PortalHackathonKit" */;
			buildPhases = (
				D85826442C62A53F0030E001 /* Sources */,
				D85826452C62A53F0030E001 /* Frameworks */,
				D85826462C62A53F0030E001 /* Resources */,
			);
			buildRules = (
			);
			dependencies = (
			);
			name = PortalHackathonKit;
			packageProductDependencies = (
				D85826762C62AC4D0030E001 /* PortalSwift */,
			);
			productName = PortalHackathonKit;
			productReference = D85826482C62A53F0030E001 /* PortalHackathonKit.app */;
			productType = "com.apple.product-type.application";
		};
		D85826572C62A5410030E001 /* PortalHackathonKitTests */ = {
			isa = PBXNativeTarget;
			buildConfigurationList = D858266F2C62A5410030E001 /* Build configuration list for PBXNativeTarget "PortalHackathonKitTests" */;
			buildPhases = (
				D85826542C62A5410030E001 /* Sources */,
				D85826552C62A5410030E001 /* Frameworks */,
				D85826562C62A5410030E001 /* Resources */,
			);
			buildRules = (
			);
			dependencies = (
				D858265A2C62A5410030E001 /* PBXTargetDependency */,
			);
			name = PortalHackathonKitTests;
			productName = PortalHackathonKitTests;
			productReference = D85826582C62A5410030E001 /* PortalHackathonKitTests.xctest */;
			productType = "com.apple.product-type.bundle.unit-test";
		};
		D85826612C62A5410030E001 /* PortalHackathonKitUITests */ = {
			isa = PBXNativeTarget;
			buildConfigurationList = D85826722C62A5410030E001 /* Build configuration list for PBXNativeTarget "PortalHackathonKitUITests" */;
			buildPhases = (
				D858265E2C62A5410030E001 /* Sources */,
				D858265F2C62A5410030E001 /* Frameworks */,
				D85826602C62A5410030E001 /* Resources */,
			);
			buildRules = (
			);
			dependencies = (
				D85826642C62A5410030E001 /* PBXTargetDependency */,
			);
			name = PortalHackathonKitUITests;
			productName = PortalHackathonKitUITests;
			productReference = D85826622C62A5410030E001 /* PortalHackathonKitUITests.xctest */;
			productType = "com.apple.product-type.bundle.ui-testing";
		};
/* End PBXNativeTarget section */

/* Begin PBXProject section */
		D85826402C62A53F0030E001 /* Project object */ = {
			isa = PBXProject;
			attributes = {
				BuildIndependentTargetsInParallel = 1;
				LastSwiftUpdateCheck = 1510;
				LastUpgradeCheck = 1510;
				TargetAttributes = {
					D85826472C62A53F0030E001 = {
						CreatedOnToolsVersion = 15.1;
					};
					D85826572C62A5410030E001 = {
						CreatedOnToolsVersion = 15.1;
						TestTargetID = D85826472C62A53F0030E001;
					};
					D85826612C62A5410030E001 = {
						CreatedOnToolsVersion = 15.1;
						TestTargetID = D85826472C62A53F0030E001;
					};
				};
			};
			buildConfigurationList = D85826432C62A53F0030E001 /* Build configuration list for PBXProject "PortalHackathonKit" */;
			compatibilityVersion = "Xcode 14.0";
			developmentRegion = en;
			hasScannedForEncodings = 0;
			knownRegions = (
				en,
				Base,
			);
			mainGroup = D858263F2C62A53F0030E001;
			packageReferences = (
				D85826752C62AC4D0030E001 /* XCRemoteSwiftPackageReference "PortalSwift" */,
			);
			productRefGroup = D85826492C62A53F0030E001 /* Products */;
			projectDirPath = "";
			projectRoot = "";
			targets = (
				D85826472C62A53F0030E001 /* PortalHackathonKit */,
				D85826572C62A5410030E001 /* PortalHackathonKitTests */,
				D85826612C62A5410030E001 /* PortalHackathonKitUITests */,
			);
		};
/* End PBXProject section */

/* Begin PBXResourcesBuildPhase section */
		D85826462C62A53F0030E001 /* Resources */ = {
			isa = PBXResourcesBuildPhase;
			buildActionMask = 2147483647;
			files = (
				D85826532C62A5410030E001 /* Preview Assets.xcassets in Resources */,
				D85826502C62A5410030E001 /* Assets.xcassets in Resources */,
			);
			runOnlyForDeploymentPostprocessing = 0;
		};
		D85826562C62A5410030E001 /* Resources */ = {
			isa = PBXResourcesBuildPhase;
			buildActionMask = 2147483647;
			files = (
			);
			runOnlyForDeploymentPostprocessing = 0;
		};
		D85826602C62A5410030E001 /* Resources */ = {
			isa = PBXResourcesBuildPhase;
			buildActionMask = 2147483647;
			files = (
			);
			runOnlyForDeploymentPostprocessing = 0;
		};
/* End PBXResourcesBuildPhase section */

/* Begin PBXSourcesBuildPhase section */
		D85826442C62A53F0030E001 /* Sources */ = {
			isa = PBXSourcesBuildPhase;
			buildActionMask = 2147483647;
			files = (
				D8F0DCFE2C6545EF001B3201 /* LeadingText.swift in Sources */,
				D8F0DD042C657B7A001B3201 /* PortalTransactionHashView.swift in Sources */,
				D858264E2C62A53F0030E001 /* PortalHackathonKit.swift in Sources */,
				D8F0DD022C6561D7001B3201 /* PortalWalletViewModel.swift in Sources */,
				D8F0DCFA2C653E3D001B3201 /* PortalButton.swift in Sources */,
				D858264C2C62A53F0030E001 /* PortalHackathonKitApp.swift in Sources */,
				D8F0DD002C655EA4001B3201 /* PortalSendPYUSDFormView.swift in Sources */,
				D8F0DCFC2C65439B001B3201 /* PortalSolanaWalletView.swift in Sources */,
				D8F0DD082C659B3F001B3201 /* Constants.swift in Sources */,
			);
			runOnlyForDeploymentPostprocessing = 0;
		};
		D85826542C62A5410030E001 /* Sources */ = {
			isa = PBXSourcesBuildPhase;
			buildActionMask = 2147483647;
			files = (
				D858265D2C62A5410030E001 /* PortalHackathonKitTests.swift in Sources */,
			);
			runOnlyForDeploymentPostprocessing = 0;
		};
		D858265E2C62A5410030E001 /* Sources */ = {
			isa = PBXSourcesBuildPhase;
			buildActionMask = 2147483647;
			files = (
				D85826672C62A5410030E001 /* PortalHackathonKitUITests.swift in Sources */,
				D85826692C62A5410030E001 /* PortalHackathonKitUITestsLaunchTests.swift in Sources */,
			);
			runOnlyForDeploymentPostprocessing = 0;
		};
/* End PBXSourcesBuildPhase section */

/* Begin PBXTargetDependency section */
		D858265A2C62A5410030E001 /* PBXTargetDependency */ = {
			isa = PBXTargetDependency;
			target = D85826472C62A53F0030E001 /* PortalHackathonKit */;
			targetProxy = D85826592C62A5410030E001 /* PBXContainerItemProxy */;
		};
		D85826642C62A5410030E001 /* PBXTargetDependency */ = {
			isa = PBXTargetDependency;
			target = D85826472C62A53F0030E001 /* PortalHackathonKit */;
			targetProxy = D85826632C62A5410030E001 /* PBXContainerItemProxy */;
		};
/* End PBXTargetDependency section */

/* Begin XCBuildConfiguration section */
		D858266A2C62A5410030E001 /* Debug */ = {
			isa = XCBuildConfiguration;
			buildSettings = {
				ALWAYS_SEARCH_USER_PATHS = NO;
				ASSETCATALOG_COMPILER_GENERATE_SWIFT_ASSET_SYMBOL_EXTENSIONS = YES;
				CLANG_ANALYZER_NONNULL = YES;
				CLANG_ANALYZER_NUMBER_OBJECT_CONVERSION = YES_AGGRESSIVE;
				CLANG_CXX_LANGUAGE_STANDARD = "gnu++20";
				CLANG_ENABLE_MODULES = YES;
				CLANG_ENABLE_OBJC_ARC = YES;
				CLANG_ENABLE_OBJC_WEAK = YES;
				CLANG_WARN_BLOCK_CAPTURE_AUTORELEASING = YES;
				CLANG_WARN_BOOL_CONVERSION = YES;
				CLANG_WARN_COMMA = YES;
				CLANG_WARN_CONSTANT_CONVERSION = YES;
				CLANG_WARN_DEPRECATED_OBJC_IMPLEMENTATIONS = YES;
				CLANG_WARN_DIRECT_OBJC_ISA_USAGE = YES_ERROR;
				CLANG_WARN_DOCUMENTATION_COMMENTS = YES;
				CLANG_WARN_EMPTY_BODY = YES;
				CLANG_WARN_ENUM_CONVERSION = YES;
				CLANG_WARN_INFINITE_RECURSION = YES;
				CLANG_WARN_INT_CONVERSION = YES;
				CLANG_WARN_NON_LITERAL_NULL_CONVERSION = YES;
				CLANG_WARN_OBJC_IMPLICIT_RETAIN_SELF = YES;
				CLANG_WARN_OBJC_LITERAL_CONVERSION = YES;
				CLANG_WARN_OBJC_ROOT_CLASS = YES_ERROR;
				CLANG_WARN_QUOTED_INCLUDE_IN_FRAMEWORK_HEADER = YES;
				CLANG_WARN_RANGE_LOOP_ANALYSIS = YES;
				CLANG_WARN_STRICT_PROTOTYPES = YES;
				CLANG_WARN_SUSPICIOUS_MOVE = YES;
				CLANG_WARN_UNGUARDED_AVAILABILITY = YES_AGGRESSIVE;
				CLANG_WARN_UNREACHABLE_CODE = YES;
				CLANG_WARN__DUPLICATE_METHOD_MATCH = YES;
				COPY_PHASE_STRIP = NO;
				DEBUG_INFORMATION_FORMAT = dwarf;
				ENABLE_STRICT_OBJC_MSGSEND = YES;
				ENABLE_TESTABILITY = YES;
				ENABLE_USER_SCRIPT_SANDBOXING = YES;
				GCC_C_LANGUAGE_STANDARD = gnu17;
				GCC_DYNAMIC_NO_PIC = NO;
				GCC_NO_COMMON_BLOCKS = YES;
				GCC_OPTIMIZATION_LEVEL = 0;
				GCC_PREPROCESSOR_DEFINITIONS = (
					"DEBUG=1",
					"$(inherited)",
				);
				GCC_WARN_64_TO_32_BIT_CONVERSION = YES;
				GCC_WARN_ABOUT_RETURN_TYPE = YES_ERROR;
				GCC_WARN_UNDECLARED_SELECTOR = YES;
				GCC_WARN_UNINITIALIZED_AUTOS = YES_AGGRESSIVE;
				GCC_WARN_UNUSED_FUNCTION = YES;
				GCC_WARN_UNUSED_VARIABLE = YES;
				IPHONEOS_DEPLOYMENT_TARGET = 17.2;
				LOCALIZATION_PREFERS_STRING_CATALOGS = YES;
				MTL_ENABLE_DEBUG_INFO = INCLUDE_SOURCE;
				MTL_FAST_MATH = YES;
				ONLY_ACTIVE_ARCH = YES;
				SDKROOT = iphoneos;
				SWIFT_ACTIVE_COMPILATION_CONDITIONS = "DEBUG $(inherited)";
				SWIFT_OPTIMIZATION_LEVEL = "-Onone";
			};
			name = Debug;
		};
		D858266B2C62A5410030E001 /* Release */ = {
			isa = XCBuildConfiguration;
			buildSettings = {
				ALWAYS_SEARCH_USER_PATHS = NO;
				ASSETCATALOG_COMPILER_GENERATE_SWIFT_ASSET_SYMBOL_EXTENSIONS = YES;
				CLANG_ANALYZER_NONNULL = YES;
				CLANG_ANALYZER_NUMBER_OBJECT_CONVERSION = YES_AGGRESSIVE;
				CLANG_CXX_LANGUAGE_STANDARD = "gnu++20";
				CLANG_ENABLE_MODULES = YES;
				CLANG_ENABLE_OBJC_ARC = YES;
				CLANG_ENABLE_OBJC_WEAK = YES;
				CLANG_WARN_BLOCK_CAPTURE_AUTORELEASING = YES;
				CLANG_WARN_BOOL_CONVERSION = YES;
				CLANG_WARN_COMMA = YES;
				CLANG_WARN_CONSTANT_CONVERSION = YES;
				CLANG_WARN_DEPRECATED_OBJC_IMPLEMENTATIONS = YES;
				CLANG_WARN_DIRECT_OBJC_ISA_USAGE = YES_ERROR;
				CLANG_WARN_DOCUMENTATION_COMMENTS = YES;
				CLANG_WARN_EMPTY_BODY = YES;
				CLANG_WARN_ENUM_CONVERSION = YES;
				CLANG_WARN_INFINITE_RECURSION = YES;
				CLANG_WARN_INT_CONVERSION = YES;
				CLANG_WARN_NON_LITERAL_NULL_CONVERSION = YES;
				CLANG_WARN_OBJC_IMPLICIT_RETAIN_SELF = YES;
				CLANG_WARN_OBJC_LITERAL_CONVERSION = YES;
				CLANG_WARN_OBJC_ROOT_CLASS = YES_ERROR;
				CLANG_WARN_QUOTED_INCLUDE_IN_FRAMEWORK_HEADER = YES;
				CLANG_WARN_RANGE_LOOP_ANALYSIS = YES;
				CLANG_WARN_STRICT_PROTOTYPES = YES;
				CLANG_WARN_SUSPICIOUS_MOVE = YES;
				CLANG_WARN_UNGUARDED_AVAILABILITY = YES_AGGRESSIVE;
				CLANG_WARN_UNREACHABLE_CODE = YES;
				CLANG_WARN__DUPLICATE_METHOD_MATCH = YES;
				COPY_PHASE_STRIP = NO;
				DEBUG_INFORMATION_FORMAT = "dwarf-with-dsym";
				ENABLE_NS_ASSERTIONS = NO;
				ENABLE_STRICT_OBJC_MSGSEND = YES;
				ENABLE_USER_SCRIPT_SANDBOXING = YES;
				GCC_C_LANGUAGE_STANDARD = gnu17;
				GCC_NO_COMMON_BLOCKS = YES;
				GCC_WARN_64_TO_32_BIT_CONVERSION = YES;
				GCC_WARN_ABOUT_RETURN_TYPE = YES_ERROR;
				GCC_WARN_UNDECLARED_SELECTOR = YES;
				GCC_WARN_UNINITIALIZED_AUTOS = YES_AGGRESSIVE;
				GCC_WARN_UNUSED_FUNCTION = YES;
				GCC_WARN_UNUSED_VARIABLE = YES;
				IPHONEOS_DEPLOYMENT_TARGET = 17.2;
				LOCALIZATION_PREFERS_STRING_CATALOGS = YES;
				MTL_ENABLE_DEBUG_INFO = NO;
				MTL_FAST_MATH = YES;
				SDKROOT = iphoneos;
				SWIFT_COMPILATION_MODE = wholemodule;
				VALIDATE_PRODUCT = YES;
			};
			name = Release;
		};
		D858266D2C62A5410030E001 /* Debug */ = {
			isa = XCBuildConfiguration;
			buildSettings = {
				ASSETCATALOG_COMPILER_APPICON_NAME = AppIcon;
				ASSETCATALOG_COMPILER_GLOBAL_ACCENT_COLOR_NAME = AccentColor;
				CODE_SIGN_STYLE = Automatic;
				CURRENT_PROJECT_VERSION = 1;
				DEVELOPMENT_ASSET_PATHS = "\"PortalHackathonKit/Preview Content\"";
				DEVELOPMENT_TEAM = WTQ4Q66FY6;
				ENABLE_PREVIEWS = YES;
				GENERATE_INFOPLIST_FILE = YES;
				INFOPLIST_KEY_UIApplicationSceneManifest_Generation = YES;
				INFOPLIST_KEY_UIApplicationSupportsIndirectInputEvents = YES;
				INFOPLIST_KEY_UILaunchScreen_Generation = YES;
				INFOPLIST_KEY_UISupportedInterfaceOrientations_iPad = "UIInterfaceOrientationPortrait UIInterfaceOrientationPortraitUpsideDown UIInterfaceOrientationLandscapeLeft UIInterfaceOrientationLandscapeRight";
				INFOPLIST_KEY_UISupportedInterfaceOrientations_iPhone = "UIInterfaceOrientationPortrait UIInterfaceOrientationLandscapeLeft UIInterfaceOrientationLandscapeRight";
				LD_RUNPATH_SEARCH_PATHS = (
					"$(inherited)",
					"@executable_path/Frameworks",
				);
				MARKETING_VERSION = 1.0;
				PRODUCT_BUNDLE_IDENTIFIER = com.portalhq.PortalHackathonKit;
				PRODUCT_NAME = "$(TARGET_NAME)";
				SWIFT_EMIT_LOC_STRINGS = YES;
				SWIFT_VERSION = 5.0;
				TARGETED_DEVICE_FAMILY = "1,2";
			};
			name = Debug;
		};
		D858266E2C62A5410030E001 /* Release */ = {
			isa = XCBuildConfiguration;
			buildSettings = {
				ASSETCATALOG_COMPILER_APPICON_NAME = AppIcon;
				ASSETCATALOG_COMPILER_GLOBAL_ACCENT_COLOR_NAME = AccentColor;
				CODE_SIGN_STYLE = Automatic;
				CURRENT_PROJECT_VERSION = 1;
				DEVELOPMENT_ASSET_PATHS = "\"PortalHackathonKit/Preview Content\"";
				DEVELOPMENT_TEAM = WTQ4Q66FY6;
				ENABLE_PREVIEWS = YES;
				GENERATE_INFOPLIST_FILE = YES;
				INFOPLIST_KEY_UIApplicationSceneManifest_Generation = YES;
				INFOPLIST_KEY_UIApplicationSupportsIndirectInputEvents = YES;
				INFOPLIST_KEY_UILaunchScreen_Generation = YES;
				INFOPLIST_KEY_UISupportedInterfaceOrientations_iPad = "UIInterfaceOrientationPortrait UIInterfaceOrientationPortraitUpsideDown UIInterfaceOrientationLandscapeLeft UIInterfaceOrientationLandscapeRight";
				INFOPLIST_KEY_UISupportedInterfaceOrientations_iPhone = "UIInterfaceOrientationPortrait UIInterfaceOrientationLandscapeLeft UIInterfaceOrientationLandscapeRight";
				LD_RUNPATH_SEARCH_PATHS = (
					"$(inherited)",
					"@executable_path/Frameworks",
				);
				MARKETING_VERSION = 1.0;
				PRODUCT_BUNDLE_IDENTIFIER = com.portalhq.PortalHackathonKit;
				PRODUCT_NAME = "$(TARGET_NAME)";
				SWIFT_EMIT_LOC_STRINGS = YES;
				SWIFT_VERSION = 5.0;
				TARGETED_DEVICE_FAMILY = "1,2";
			};
			name = Release;
		};
		D85826702C62A5410030E001 /* Debug */ = {
			isa = XCBuildConfiguration;
			buildSettings = {
				ALWAYS_EMBED_SWIFT_STANDARD_LIBRARIES = YES;
				BUNDLE_LOADER = "$(TEST_HOST)";
				CODE_SIGN_STYLE = Automatic;
				CURRENT_PROJECT_VERSION = 1;
				DEVELOPMENT_TEAM = WTQ4Q66FY6;
				GENERATE_INFOPLIST_FILE = YES;
				IPHONEOS_DEPLOYMENT_TARGET = 17.2;
				MARKETING_VERSION = 1.0;
				PRODUCT_BUNDLE_IDENTIFIER = com.portalhq.PortalHackathonKitTests;
				PRODUCT_NAME = "$(TARGET_NAME)";
				SWIFT_EMIT_LOC_STRINGS = NO;
				SWIFT_VERSION = 5.0;
				TARGETED_DEVICE_FAMILY = "1,2";
				TEST_HOST = "$(BUILT_PRODUCTS_DIR)/PortalHackathonKit.app/$(BUNDLE_EXECUTABLE_FOLDER_PATH)/PortalHackathonKit";
			};
			name = Debug;
		};
		D85826712C62A5410030E001 /* Release */ = {
			isa = XCBuildConfiguration;
			buildSettings = {
				ALWAYS_EMBED_SWIFT_STANDARD_LIBRARIES = YES;
				BUNDLE_LOADER = "$(TEST_HOST)";
				CODE_SIGN_STYLE = Automatic;
				CURRENT_PROJECT_VERSION = 1;
				DEVELOPMENT_TEAM = WTQ4Q66FY6;
				GENERATE_INFOPLIST_FILE = YES;
				IPHONEOS_DEPLOYMENT_TARGET = 17.2;
				MARKETING_VERSION = 1.0;
				PRODUCT_BUNDLE_IDENTIFIER = com.portalhq.PortalHackathonKitTests;
				PRODUCT_NAME = "$(TARGET_NAME)";
				SWIFT_EMIT_LOC_STRINGS = NO;
				SWIFT_VERSION = 5.0;
				TARGETED_DEVICE_FAMILY = "1,2";
				TEST_HOST = "$(BUILT_PRODUCTS_DIR)/PortalHackathonKit.app/$(BUNDLE_EXECUTABLE_FOLDER_PATH)/PortalHackathonKit";
			};
			name = Release;
		};
		D85826732C62A5410030E001 /* Debug */ = {
			isa = XCBuildConfiguration;
			buildSettings = {
				ALWAYS_EMBED_SWIFT_STANDARD_LIBRARIES = YES;
				CODE_SIGN_STYLE = Automatic;
				CURRENT_PROJECT_VERSION = 1;
				DEVELOPMENT_TEAM = WTQ4Q66FY6;
				GENERATE_INFOPLIST_FILE = YES;
				MARKETING_VERSION = 1.0;
				PRODUCT_BUNDLE_IDENTIFIER = com.portalhq.PortalHackathonKitUITests;
				PRODUCT_NAME = "$(TARGET_NAME)";
				SWIFT_EMIT_LOC_STRINGS = NO;
				SWIFT_VERSION = 5.0;
				TARGETED_DEVICE_FAMILY = "1,2";
				TEST_TARGET_NAME = PortalHackathonKit;
			};
			name = Debug;
		};
		D85826742C62A5410030E001 /* Release */ = {
			isa = XCBuildConfiguration;
			buildSettings = {
				ALWAYS_EMBED_SWIFT_STANDARD_LIBRARIES = YES;
				CODE_SIGN_STYLE = Automatic;
				CURRENT_PROJECT_VERSION = 1;
				DEVELOPMENT_TEAM = WTQ4Q66FY6;
				GENERATE_INFOPLIST_FILE = YES;
				MARKETING_VERSION = 1.0;
				PRODUCT_BUNDLE_IDENTIFIER = com.portalhq.PortalHackathonKitUITests;
				PRODUCT_NAME = "$(TARGET_NAME)";
				SWIFT_EMIT_LOC_STRINGS = NO;
				SWIFT_VERSION = 5.0;
				TARGETED_DEVICE_FAMILY = "1,2";
				TEST_TARGET_NAME = PortalHackathonKit;
			};
			name = Release;
		};
/* End XCBuildConfiguration section */

/* Begin XCConfigurationList section */
		D85826432C62A53F0030E001 /* Build configuration list for PBXProject "PortalHackathonKit" */ = {
			isa = XCConfigurationList;
			buildConfigurations = (
				D858266A2C62A5410030E001 /* Debug */,
				D858266B2C62A5410030E001 /* Release */,
			);
			defaultConfigurationIsVisible = 0;
			defaultConfigurationName = Release;
		};
		D858266C2C62A5410030E001 /* Build configuration list for PBXNativeTarget "PortalHackathonKit" */ = {
			isa = XCConfigurationList;
			buildConfigurations = (
				D858266D2C62A5410030E001 /* Debug */,
				D858266E2C62A5410030E001 /* Release */,
			);
			defaultConfigurationIsVisible = 0;
			defaultConfigurationName = Release;
		};
		D858266F2C62A5410030E001 /* Build configuration list for PBXNativeTarget "PortalHackathonKitTests" */ = {
			isa = XCConfigurationList;
			buildConfigurations = (
				D85826702C62A5410030E001 /* Debug */,
				D85826712C62A5410030E001 /* Release */,
			);
			defaultConfigurationIsVisible = 0;
			defaultConfigurationName = Release;
		};
		D85826722C62A5410030E001 /* Build configuration list for PBXNativeTarget "PortalHackathonKitUITests" */ = {
			isa = XCConfigurationList;
			buildConfigurations = (
				D85826732C62A5410030E001 /* Debug */,
				D85826742C62A5410030E001 /* Release */,
			);
			defaultConfigurationIsVisible = 0;
			defaultConfigurationName = Release;
		};
/* End XCConfigurationList section */

/* Begin XCRemoteSwiftPackageReference section */
		D85826752C62AC4D0030E001 /* XCRemoteSwiftPackageReference "PortalSwift" */ = {
			isa = XCRemoteSwiftPackageReference;
			repositoryURL = "https://github.com/portal-hq/PortalSwift";
			requirement = {
				kind = upToNextMajorVersion;
				minimumVersion = 3.2.1;
			};
		};
/* End XCRemoteSwiftPackageReference section */

/* Begin XCSwiftPackageProductDependency section */
		D85826762C62AC4D0030E001 /* PortalSwift */ = {
			isa = XCSwiftPackageProductDependency;
			package = D85826752C62AC4D0030E001 /* XCRemoteSwiftPackageReference "PortalSwift" */;
			productName = PortalSwift;
		};
/* End XCSwiftPackageProductDependency section */
	};
	rootObject = D85826402C62A53F0030E001 /* Project object */;
}
